Microsoft Visual Studio Solution File, Format Version 11.00
# Visual Studio 2008

Project("{F364FB28-4832-B9C6-D746-BA42CD0C24EE}") = "UniTile", "Assembly-CSharp-firstpass.csproj", "{A64A785B-DA4F-136B-CAC5-74E7392A7A3E}"
EndProject
Project("{F364FB28-4832-B9C6-D746-BA42CD0C24EE}") = "UniTile", "Assembly-CSharp.csproj", "{B7839F63-2D9B-6353-4CC1-BE627791FAD5}"
EndProject
Project("{F364FB28-4832-B9C6-D746-BA42CD0C24EE}") = "UniTile", "Assembly-CSharp-Editor.csproj", "{34B2A942-4B08-8AC8-3CF4-D1ACE0A75767}"
EndProject
Global
	GlobalSection(SolutionConfigurationPlatforms) = preSolution
		Debug|Any CPU = Debug|Any CPU
		Release|Any CPU = Release|Any CPU
	EndGlobalSection
	GlobalSection(ProjectConfigurationPlatforms) = postSolution
		{A64A785B-DA4F-136B-CAC5-74E7392A7A3E}.Debug|Any CPU.ActiveCfg = Debug|Any CPU
		{A64A785B-DA4F-136B-CAC5-74E7392A7A3E}.Debug|Any CPU.Build.0 = Debug|Any CPU
		{A64A785B-DA4F-136B-CAC5-74E7392A7A3E}.Release|Any CPU.ActiveCfg = Release|Any CPU
		{A64A785B-DA4F-136B-CAC5-74E7392A7A3E}.Release|Any CPU.Build.0 = Release|Any CPU
		{B7839F63-2D9B-6353-4CC1-BE627791FAD5}.Debug|Any CPU.ActiveCfg = Debug|Any CPU
		{B7839F63-2D9B-6353-4CC1-BE627791FAD5}.Debug|Any CPU.Build.0 = Debug|Any CPU
		{B7839F63-2D9B-6353-4CC1-BE627791FAD5}.Release|Any CPU.ActiveCfg = Release|Any CPU
		{B7839F63-2D9B-6353-4CC1-BE627791FAD5}.Release|Any CPU.Build.0 = Release|Any CPU
		{34B2A942-4B08-8AC8-3CF4-D1ACE0A75767}.Debug|Any CPU.ActiveCfg = Debug|Any CPU
		{34B2A942-4B08-8AC8-3CF4-D1ACE0A75767}.Debug|Any CPU.Build.0 = Debug|Any CPU
		{34B2A942-4B08-8AC8-3CF4-D1ACE0A75767}.Release|Any CPU.ActiveCfg = Release|Any CPU
		{34B2A942-4B08-8AC8-3CF4-D1ACE0A75767}.Release|Any CPU.Build.0 = Release|Any CPU
	EndGlobalSection
	GlobalSection(SolutionProperties) = preSolution
		HideSolutionNode = FALSE
	EndGlobalSection
								GlobalSection(MonoDevelopProperties) = preSolution
		StartupItem = Assembly-CSharp.csproj
		Policies = $0
		$0.TextStylePolicy = $1
		$1.FileWidth = 120
		$1.EolMarker = Unix
		$1.inheritsSet = VisualStudio
		$1.inheritsScope = text/plain
		$1.scope = text/x-csharp
		$0.CSharpFormattingPolicy = $2
		$2.BeforeMethodDeclarationParentheses = False
		$2.BeforeMethodCallParentheses = False
		$2.BeforeConstructorDeclarationParentheses = False
		$2.BeforeDelegateDeclarationParentheses = False
		$2.NewParentheses = False
		$2.SpacesBeforeBrackets = False
		$2.inheritsSet = Mono
		$2.inheritsScope = text/x-csharp
		$2.scope = text/x-csharp
		$0.TextStylePolicy = $3
		$3.FileWidth = 120
		$3.TabsToSpaces = False
		$3.EolMarker = Unix
		$3.inheritsSet = VisualStudio
		$3.inheritsScope = text/plain
		$3.scope = text/plain
	EndGlobalSection

EndGlobal
